
Microsoft Visual Studio Solution File, Format Version 12.00
# Visual Studio Version 17
VisualStudioVersion = 17.3.32929.385
MinimumVisualStudioVersion = 10.0.40219.1
Project("{FAE04EC0-301F-11D3-BF4B-00C04F79EFBC}") = "MovieSystem", "MovieSystem.csproj", "{A9312D6E-B712-459A-A3C0-2EA4F9732733}"
EndProject
Global
	GlobalSection(SolutionConfigurationPlatforms) = preSolution
		Debug|Any CPU = Debug|Any CPU
		Release|Any CPU = Release|Any CPU
	EndGlobalSection
	GlobalSection(ProjectConfigurationPlatforms) = postSolution
		{A9312D6E-B712-459A-A3C0-2EA4F9732733}.Debug|Any CPU.ActiveCfg = Debug|Any CPU
		{A9312D6E-B712-459A-A3C0-2EA4F9732733}.Debug|Any CPU.Build.0 = Debug|Any CPU
		{A9312D6E-B712-459A-A3C0-2EA4F9732733}.Release|Any CPU.ActiveCfg = Release|Any CPU
		{A9312D6E-B712-459A-A3C0-2EA4F9732733}.Release|Any CPU.Build.0 = Release|Any CPU
	EndGlobalSection
	GlobalSection(SolutionProperties) = preSolution
		HideSolutionNode = FALSE
	EndGlobalSection
	GlobalSection(ExtensibilityGlobals) = postSolution
		SolutionGuid = {07491866-7FFF-4FBC-86C7-23039CA897D5}
	EndGlobalSection
EndGlobal
